
Microsoft Visual Studio Solution File, Format Version 12.00
# Visual Studio 2015
Project("{FAE04EC0-301F-11D3-BF4B-00C04F79EFBC}") = "Lemonade.CSharp", "Lemonade.CSharp.csproj", "{5D4A35F3-345E-CB06-B5D0-C521306549CA}"
EndProject
Global
	GlobalSection(SolutionConfigurationPlatforms) = preSolution
		Debug|Any CPU = Debug|Any CPU
		Release|Any CPU = Release|Any CPU
	EndGlobalSection
	GlobalSection(ProjectConfigurationPlatforms) = postSolution
		{5D4A35F3-345E-CB06-B5D0-C521306549CA}.Debug|Any CPU.ActiveCfg = Debug|Any CPU
		{5D4A35F3-345E-CB06-B5D0-C521306549CA}.Debug|Any CPU.Build.0 = Debug|Any CPU
		{5D4A35F3-345E-CB06-B5D0-C521306549CA}.Release|Any CPU.ActiveCfg = Release|Any CPU
		{5D4A35F3-345E-CB06-B5D0-C521306549CA}.Release|Any CPU.Build.0 = Release|Any CPU
	EndGlobalSection
	GlobalSection(SolutionProperties) = preSolution
		HideSolutionNode = FALSE
	EndGlobalSection
EndGlobal
